PODS:
  - AHDataModel (0.3.3)
  - AHDownloadTool (0.1.10)
  - AHFMDataCenter (0.1.3):
    - AHDataModel
    - UIDeviceExtension
  - AHFMDataTransformers (0.1.0):
    - SwiftyJSON
  - AHFMEpisodeListVCManager (0.1.0):
    - AHDownloadTool
    - AHFMDataCenter
    - AHFMDataTransformers
    - AHFMEpisodeListVCServices
    - AHFMModuleManager
    - AHFMNetworking
    - AHServiceRouter
  - AHFMEpisodeListVCServices (0.1.0):
    - AHFMServices
  - AHFMModuleManager (0.2.0)
  - AHFMNetworking (0.1.2):
    - Alamofire (~> 4.4)
    - KeychainAccess (~> 3.0.2)
  - AHFMServices (0.3.0)
  - AHServiceRouter (0.3.0)
  - Alamofire (4.5.1)
  - KeychainAccess (3.0.2)
  - SwiftyJSON (3.1.4)
  - UIDeviceExtension (0.1.0)

DEPENDENCIES:
  - AHFMEpisodeListVCManager (from `../`)

EXTERNAL SOURCES:
  AHFMEpisodeListVCManager:
    :path: ../

SPEC CHECKSUMS:
  AHDataModel: 5f7ddd45e58bfcac15624952d629e121faef574f
  AHDownloadTool: d942add9da4ab4f87f82d3d63bb194a5631e9bb0
  AHFMDataCenter: efc8e4f8b926c6cb1b853ed754fb4547ed1cdb90
  AHFMDataTransformers: eafcb87a307fbd52ccd61917fa5de1aff6a7bd53
  AHFMEpisodeListVCManager: 22fe7942fce0e89addf2ecefb2d0f23a6c67469a
  AHFMEpisodeListVCServices: c3f1fa78faeeaa22151c213134ad6e603b0a9821
  AHFMModuleManager: 301c8a5945a301528d5cba55e4809428ef896141
  AHFMNetworking: e2b524c569fc4ec0f2583ac607f355a22fe1a46f
  AHFMServices: 7c2c52fd7bd0b604fdab05cc9adb13129c218b60
  AHServiceRouter: 665bd7a43fc58632477dfea53d6850043224cbd9
  Alamofire: 2d95912bf4c34f164fdfc335872e8c312acaea4a
  KeychainAccess: a986406022dfc7c634c691ad3bec670cc6a32002
  SwiftyJSON: c2842d878f95482ffceec5709abc3d05680c0220
  UIDeviceExtension: 53d1d2177714a3e434e755b6c0fb66678595fce4

PODFILE CHECKSUM: db218f16f9f327e64ee053e8d5d8c025776697f9

COCOAPODS: 1.3.0.beta.2
